
Microsoft Visual Studio Solution File, Format Version 12.00
# Visual Studio Version 16
VisualStudioVersion = 16.0.29709.97
MinimumVisualStudioVersion = 10.0.40219.1
Project("{2150E333-8FDC-42A3-9474-1A3956D46DE8}") = "DotNetFoundation", "DotNetFoundation", "{3E42B64F-9ED1-4E03-8FED-A15A7C8AF998}"
EndProject
Project("{2150E333-8FDC-42A3-9474-1A3956D46DE8}") = "MethodLibraryExercise", "MethodLibraryExercise", "{141D3052-5023-4927-B031-DEBFF45FA972}"
EndProject
Project("{2150E333-8FDC-42A3-9474-1A3956D46DE8}") = "EPPlusExercise", "EPPlusExercise", "{355EEDA6-3E9B-4D5B-A041-6D66B8E615F6}"
EndProject
Project("{FAE04EC0-301F-11D3-BF4B-00C04F79EFBC}") = "EpplusSamples", "MethodLibraryExercise\EPPlusExercise\E1001Samples01\EpplusSamples.csproj", "{F124F3BD-22AE-489B-86EE-AD978D18CECB}"
EndProject
Project("{2150E333-8FDC-42A3-9474-1A3956D46DE8}") = "AlgorithmPraise", "AlgorithmPraise", "{83C709DC-04EA-465A-A4F4-FA2D48119140}"
EndProject
Project("{FAE04EC0-301F-11D3-BF4B-00C04F79EFBC}") = "CodeFrame", "DotNetFoundation\CodeFrame\CodeFrame.csproj", "{802D76B6-97DD-49D8-AE57-C24094754246}"
EndProject
Project("{FAE04EC0-301F-11D3-BF4B-00C04F79EFBC}") = "ExampleForReflection2", "DotNetFoundation\ExampleForReflection2\ExampleForReflection2.csproj", "{CCB0E606-EF54-4C03-8438-F1D332659DB9}"
EndProject
Project("{2150E333-8FDC-42A3-9474-1A3956D46DE8}") = "WPF", "WPF", "{BFB529C1-5E7F-48E6-96C2-AB10D2200E7A}"
EndProject
Project("{FAE04EC0-301F-11D3-BF4B-00C04F79EFBC}") = "LearnWpfMVVM", "WPF\LearnWpfMVVM\LearnWpfMVVM.csproj", "{CF7E191E-4892-45BC-8F15-7465FF5F331C}"
EndProject
Project("{FAE04EC0-301F-11D3-BF4B-00C04F79EFBC}") = "WpfMvvmDemo", "WPF\simplestmvvmdemo\WpfMvvmDemo\WpfMvvmDemo.csproj", "{3A7D072F-71E5-4529-A995-5ED78035BB64}"
EndProject
Project("{2150E333-8FDC-42A3-9474-1A3956D46DE8}") = "DotNetRevit", "DotNetRevit", "{175CE764-9121-4D70-BAF3-F8A9B2FA2A82}"
EndProject
Project("{FAE04EC0-301F-11D3-BF4B-00C04F79EFBC}") = "RevitFoundation", "DotNetRevit\RevitFoundation\RevitFoundation.csproj", "{578E200D-39A1-467B-8CEA-F3632F6A010B}"
EndProject
Project("{2150E333-8FDC-42A3-9474-1A3956D46DE8}") = "HiTools", "HiTools", "{883C66BA-8601-49D7-B6CC-E1D6B3428406}"
EndProject
Project("{FAE04EC0-301F-11D3-BF4B-00C04F79EFBC}") = "HiTools", "Tools\HiTools\HiTools.csproj", "{C3BCD29B-D5A4-412C-8DE0-413442955179}"
EndProject
Project("{FAE04EC0-301F-11D3-BF4B-00C04F79EFBC}") = "CodeInTangsengjiewa4", "DotNetRevit\CodeInTangsengjiewa4\CodeInTangsengjiewa4.csproj", "{77E6719D-D9D9-4909-B1E8-E446F91B8DAB}"
EndProject
Project("{2150E333-8FDC-42A3-9474-1A3956D46DE8}") = "AddInManagerRe", "AddInManagerRe", "{80080777-0174-48BA-BFA7-830E0264C693}"
EndProject
Project("{FAE04EC0-301F-11D3-BF4B-00C04F79EFBC}") = "AddInManager", "AddInManagerRe\AddInManagerReflector6\AddInManager.csproj", "{77223986-BB31-4C15-969D-31A37B929DB4}"
EndProject
Project("{FAE04EC0-301F-11D3-BF4B-00C04F79EFBC}") = "HiThere", "HiThrer\HiThere.csproj", "{AD448960-9112-4ADE-B58D-3EC27C9E8C56}"
EndProject
Project("{2150E333-8FDC-42A3-9474-1A3956D46DE8}") = "IllustratedWPF", "IllustratedWPF", "{DA7EF80F-9B3C-48D6-B8B3-C485362BB180}"
EndProject
Project("{2150E333-8FDC-42A3-9474-1A3956D46DE8}") = "ProWpf2012", "ProWpf2012", "{1FD3738A-4B75-43B6-B066-2E1D169851A1}"
EndProject
Project("{FAE04EC0-301F-11D3-BF4B-00C04F79EFBC}") = "EightBalls", "WPF\EightBalls\EightBalls.csproj", "{CB9B0C80-3167-484A-82F6-6F67BDF0F67B}"
EndProject
Project("{FAE04EC0-301F-11D3-BF4B-00C04F79EFBC}") = "LayoutPanels", "WPF\LayoutPanels\LayoutPanels.csproj", "{3315CA2F-F3BB-4E1F-BAC8-36548B288788}"
EndProject
Project("{FAE04EC0-301F-11D3-BF4B-00C04F79EFBC}") = "RoutedEvents", "WPF\RoutedEvents\RoutedEvents.csproj", "{78BC3BDD-3290-40CE-B229-F1BC77526AE7}"
EndProject
Project("{FAE04EC0-301F-11D3-BF4B-00C04F79EFBC}") = "Controls", "WPF\Controls\Controls.csproj", "{CA884FD0-5D26-4EF4-BFFD-D871E6747CA4}"
EndProject
Project("{2150E333-8FDC-42A3-9474-1A3956D46DE8}") = "CodeInSDK", "CodeInSDK", "{02F57180-5BA0-4A21-B514-CDFCF433209F}"
EndProject
Project("{FAE04EC0-301F-11D3-BF4B-00C04F79EFBC}") = "DisplacementElementAnimation", "CodeInSDK\DisplacementElementAnimation\DisplacementElementAnimation\DisplacementElementAnimation.csproj", "{3861823B-1B73-4F22-B7B5-9EA830C2D687}"
EndProject
Project("{FAE04EC0-301F-11D3-BF4B-00C04F79EFBC}") = "DisableCommand", "CodeInSDK\DisableCommand\DisableCommand.csproj", "{E843B11F-D14B-4D79-ADEB-6D0133D0E03A}"
EndProject
Project("{2150E333-8FDC-42A3-9474-1A3956D46DE8}") = "CodeInHu", "CodeInHu", "{CEFCB382-AFA2-4C79-93AB-D707845E5E1F}"
EndProject
Project("{FAE04EC0-301F-11D3-BF4B-00C04F79EFBC}") = "LogInRevit", "LogInRevit\LogInRevit.csproj", "{9395A270-BCA1-4AB0-A8F1-052E5505F227}"
EndProject
Project("{FAE04EC0-301F-11D3-BF4B-00C04F79EFBC}") = "AutoTagRoomsWF", "CodeInSDK\AutoTagRooms-WF\AutoTagRoomsWF.csproj", "{248844D3-D177-46D0-9F7A-F7EAA7914ABB}"
EndProject
Project("{FAE04EC0-301F-11D3-BF4B-00C04F79EFBC}") = "CancelSave", "CodeInSDK\CancelSave\CancelSave.csproj", "{4898AB97-DA80-4C7B-BDF5-4340B7023D45}"
EndProject
Project("{FAE04EC0-301F-11D3-BF4B-00C04F79EFBC}") = "CreateViewSection", "CodeInSDK\CreateViewSection\CreateViewSection.csproj", "{107E9679-A10F-4952-9F4C-19BC0671F35F}"
EndProject
Project("{FAE04EC0-301F-11D3-BF4B-00C04F79EFBC}") = "ExportFamilys", "CodeInSDK\ExportFamilys\ExportFamilys.csproj", "{30BBD83B-03D2-445C-B65D-6E5B08D2C354}"
EndProject
Project("{FAE04EC0-301F-11D3-BF4B-00C04F79EFBC}") = "CreateFilters", "CodeInSDK\CreateFilters\CreateFilters.csproj", "{2A34F483-2BDB-406F-B299-FDA155FFC7D5}"
EndProject
Project("{FAE04EC0-301F-11D3-BF4B-00C04F79EFBC}") = "DeleteDimesions", "CodeInSDK\DeleteDimesions\DeleteDimesions.csproj", "{E1887D9B-3590-4E20-94A0-B263AA124AC0}"
EndProject
Project("{FAE04EC0-301F-11D3-BF4B-00C04F79EFBC}") = "WPFBingCollectionTest", "CodeInSDK\WPFBingCollectionTest\WPFBingCollectionTest.csproj", "{D09C1B32-871A-4AA3-A5F1-808DBB39996F}"
EndProject
Project("{FAE04EC0-301F-11D3-BF4B-00C04F79EFBC}") = "CurvedBeam", "CodeInSDK\CurvedBeam\CurvedBeam.csproj", "{8B287E85-0DFB-4158-BC88-21CB84A843FB}"
EndProject
Project("{FAE04EC0-301F-11D3-BF4B-00C04F79EFBC}") = "CreateDimensions", "CodeInSDK\CreateDimensions\CreateDimensions.csproj", "{96EF9C26-A674-4F33-A3F3-7942442A670A}"
EndProject
Global
	GlobalSection(SolutionConfigurationPlatforms) = preSolution
		Debug|Any CPU = Debug|Any CPU
		Debug|x64 = Debug|x64
		Debug|x86 = Debug|x86
		Release|Any CPU = Release|Any CPU
		Release|x64 = Release|x64
		Release|x86 = Release|x86
	EndGlobalSection
	GlobalSection(ProjectConfigurationPlatforms) = postSolution
		{F124F3BD-22AE-489B-86EE-AD978D18CECB}.Debug|Any CPU.ActiveCfg = Debug|Any CPU
		{F124F3BD-22AE-489B-86EE-AD978D18CECB}.Debug|Any CPU.Build.0 = Debug|Any CPU
		{F124F3BD-22AE-489B-86EE-AD978D18CECB}.Debug|x64.ActiveCfg = Debug|x64
		{F124F3BD-22AE-489B-86EE-AD978D18CECB}.Debug|x64.Build.0 = Debug|x64
		{F124F3BD-22AE-489B-86EE-AD978D18CECB}.Debug|x86.ActiveCfg = Debug|Any CPU
		{F124F3BD-22AE-489B-86EE-AD978D18CECB}.Debug|x86.Build.0 = Debug|Any CPU
		{F124F3BD-22AE-489B-86EE-AD978D18CECB}.Release|Any CPU.ActiveCfg = Release|Any CPU
		{F124F3BD-22AE-489B-86EE-AD978D18CECB}.Release|Any CPU.Build.0 = Release|Any CPU
		{F124F3BD-22AE-489B-86EE-AD978D18CECB}.Release|x64.ActiveCfg = Release|x64
		{F124F3BD-22AE-489B-86EE-AD978D18CECB}.Release|x64.Build.0 = Release|x64
		{F124F3BD-22AE-489B-86EE-AD978D18CECB}.Release|x86.ActiveCfg = Release|Any CPU
		{F124F3BD-22AE-489B-86EE-AD978D18CECB}.Release|x86.Build.0 = Release|Any CPU
		{802D76B6-97DD-49D8-AE57-C24094754246}.Debug|Any CPU.ActiveCfg = Debug|Any CPU
		{802D76B6-97DD-49D8-AE57-C24094754246}.Debug|Any CPU.Build.0 = Debug|Any CPU
		{802D76B6-97DD-49D8-AE57-C24094754246}.Debug|x64.ActiveCfg = Debug|x64
		{802D76B6-97DD-49D8-AE57-C24094754246}.Debug|x64.Build.0 = Debug|x64
		{802D76B6-97DD-49D8-AE57-C24094754246}.Debug|x86.ActiveCfg = Debug|Any CPU
		{802D76B6-97DD-49D8-AE57-C24094754246}.Debug|x86.Build.0 = Debug|Any CPU
		{802D76B6-97DD-49D8-AE57-C24094754246}.Release|Any CPU.ActiveCfg = Release|Any CPU
		{802D76B6-97DD-49D8-AE57-C24094754246}.Release|Any CPU.Build.0 = Release|Any CPU
		{802D76B6-97DD-49D8-AE57-C24094754246}.Release|x64.ActiveCfg = Release|x64
		{802D76B6-97DD-49D8-AE57-C24094754246}.Release|x64.Build.0 = Release|x64
		{802D76B6-97DD-49D8-AE57-C24094754246}.Release|x86.ActiveCfg = Release|Any CPU
		{802D76B6-97DD-49D8-AE57-C24094754246}.Release|x86.Build.0 = Release|Any CPU
		{CCB0E606-EF54-4C03-8438-F1D332659DB9}.Debug|Any CPU.ActiveCfg = Debug|Any CPU
		{CCB0E606-EF54-4C03-8438-F1D332659DB9}.Debug|Any CPU.Build.0 = Debug|Any CPU
		{CCB0E606-EF54-4C03-8438-F1D332659DB9}.Debug|x64.ActiveCfg = Debug|x64
		{CCB0E606-EF54-4C03-8438-F1D332659DB9}.Debug|x64.Build.0 = Debug|x64
		{CCB0E606-EF54-4C03-8438-F1D332659DB9}.Debug|x86.ActiveCfg = Debug|Any CPU
		{CCB0E606-EF54-4C03-8438-F1D332659DB9}.Debug|x86.Build.0 = Debug|Any CPU
		{CCB0E606-EF54-4C03-8438-F1D332659DB9}.Release|Any CPU.ActiveCfg = Release|Any CPU
		{CCB0E606-EF54-4C03-8438-F1D332659DB9}.Release|Any CPU.Build.0 = Release|Any CPU
		{CCB0E606-EF54-4C03-8438-F1D332659DB9}.Release|x64.ActiveCfg = Release|x64
		{CCB0E606-EF54-4C03-8438-F1D332659DB9}.Release|x64.Build.0 = Release|x64
		{CCB0E606-EF54-4C03-8438-F1D332659DB9}.Release|x86.ActiveCfg = Release|Any CPU
		{CCB0E606-EF54-4C03-8438-F1D332659DB9}.Release|x86.Build.0 = Release|Any CPU
		{CF7E191E-4892-45BC-8F15-7465FF5F331C}.Debug|Any CPU.ActiveCfg = Debug|Any CPU
		{CF7E191E-4892-45BC-8F15-7465FF5F331C}.Debug|Any CPU.Build.0 = Debug|Any CPU
		{CF7E191E-4892-45BC-8F15-7465FF5F331C}.Debug|x64.ActiveCfg = Debug|x64
		{CF7E191E-4892-45BC-8F15-7465FF5F331C}.Debug|x64.Build.0 = Debug|x64
		{CF7E191E-4892-45BC-8F15-7465FF5F331C}.Debug|x86.ActiveCfg = Debug|Any CPU
		{CF7E191E-4892-45BC-8F15-7465FF5F331C}.Debug|x86.Build.0 = Debug|Any CPU
		{CF7E191E-4892-45BC-8F15-7465FF5F331C}.Release|Any CPU.ActiveCfg = Release|Any CPU
		{CF7E191E-4892-45BC-8F15-7465FF5F331C}.Release|Any CPU.Build.0 = Release|Any CPU
		{CF7E191E-4892-45BC-8F15-7465FF5F331C}.Release|x64.ActiveCfg = Release|x64
		{CF7E191E-4892-45BC-8F15-7465FF5F331C}.Release|x64.Build.0 = Release|x64
		{CF7E191E-4892-45BC-8F15-7465FF5F331C}.Release|x86.ActiveCfg = Release|Any CPU
		{CF7E191E-4892-45BC-8F15-7465FF5F331C}.Release|x86.Build.0 = Release|Any CPU
		{3A7D072F-71E5-4529-A995-5ED78035BB64}.Debug|Any CPU.ActiveCfg = Debug|Any CPU
		{3A7D072F-71E5-4529-A995-5ED78035BB64}.Debug|Any CPU.Build.0 = Debug|Any CPU
		{3A7D072F-71E5-4529-A995-5ED78035BB64}.Debug|x64.ActiveCfg = Debug|x64
		{3A7D072F-71E5-4529-A995-5ED78035BB64}.Debug|x64.Build.0 = Debug|x64
		{3A7D072F-71E5-4529-A995-5ED78035BB64}.Debug|x86.ActiveCfg = Debug|Any CPU
		{3A7D072F-71E5-4529-A995-5ED78035BB64}.Debug|x86.Build.0 = Debug|Any CPU
		{3A7D072F-71E5-4529-A995-5ED78035BB64}.Release|Any CPU.ActiveCfg = Release|Any CPU
		{3A7D072F-71E5-4529-A995-5ED78035BB64}.Release|Any CPU.Build.0 = Release|Any CPU
		{3A7D072F-71E5-4529-A995-5ED78035BB64}.Release|x64.ActiveCfg = Release|x64
		{3A7D072F-71E5-4529-A995-5ED78035BB64}.Release|x64.Build.0 = Release|x64
		{3A7D072F-71E5-4529-A995-5ED78035BB64}.Release|x86.ActiveCfg = Release|Any CPU
		{3A7D072F-71E5-4529-A995-5ED78035BB64}.Release|x86.Build.0 = Release|Any CPU
		{578E200D-39A1-467B-8CEA-F3632F6A010B}.Debug|Any CPU.ActiveCfg = Debug|Any CPU
		{578E200D-39A1-467B-8CEA-F3632F6A010B}.Debug|Any CPU.Build.0 = Debug|Any CPU
		{578E200D-39A1-467B-8CEA-F3632F6A010B}.Debug|x64.ActiveCfg = Debug|x64
		{578E200D-39A1-467B-8CEA-F3632F6A010B}.Debug|x64.Build.0 = Debug|x64
		{578E200D-39A1-467B-8CEA-F3632F6A010B}.Debug|x86.ActiveCfg = Debug|Any CPU
		{578E200D-39A1-467B-8CEA-F3632F6A010B}.Debug|x86.Build.0 = Debug|Any CPU
		{578E200D-39A1-467B-8CEA-F3632F6A010B}.Release|Any CPU.ActiveCfg = Release|Any CPU
		{578E200D-39A1-467B-8CEA-F3632F6A010B}.Release|Any CPU.Build.0 = Release|Any CPU
		{578E200D-39A1-467B-8CEA-F3632F6A010B}.Release|x64.ActiveCfg = Release|x64
		{578E200D-39A1-467B-8CEA-F3632F6A010B}.Release|x64.Build.0 = Release|x64
		{578E200D-39A1-467B-8CEA-F3632F6A010B}.Release|x86.ActiveCfg = Release|Any CPU
		{578E200D-39A1-467B-8CEA-F3632F6A010B}.Release|x86.Build.0 = Release|Any CPU
		{C3BCD29B-D5A4-412C-8DE0-413442955179}.Debug|Any CPU.ActiveCfg = Debug|Any CPU
		{C3BCD29B-D5A4-412C-8DE0-413442955179}.Debug|Any CPU.Build.0 = Debug|Any CPU
		{C3BCD29B-D5A4-412C-8DE0-413442955179}.Debug|x64.ActiveCfg = Debug|x64
		{C3BCD29B-D5A4-412C-8DE0-413442955179}.Debug|x64.Build.0 = Debug|x64
		{C3BCD29B-D5A4-412C-8DE0-413442955179}.Debug|x86.ActiveCfg = Debug|Any CPU
		{C3BCD29B-D5A4-412C-8DE0-413442955179}.Debug|x86.Build.0 = Debug|Any CPU
		{C3BCD29B-D5A4-412C-8DE0-413442955179}.Release|Any CPU.ActiveCfg = Release|Any CPU
		{C3BCD29B-D5A4-412C-8DE0-413442955179}.Release|Any CPU.Build.0 = Release|Any CPU
		{C3BCD29B-D5A4-412C-8DE0-413442955179}.Release|x64.ActiveCfg = Release|x64
		{C3BCD29B-D5A4-412C-8DE0-413442955179}.Release|x64.Build.0 = Release|x64
		{C3BCD29B-D5A4-412C-8DE0-413442955179}.Release|x86.ActiveCfg = Release|Any CPU
		{C3BCD29B-D5A4-412C-8DE0-413442955179}.Release|x86.Build.0 = Release|Any CPU
		{77E6719D-D9D9-4909-B1E8-E446F91B8DAB}.Debug|Any CPU.ActiveCfg = Debug|Any CPU
		{77E6719D-D9D9-4909-B1E8-E446F91B8DAB}.Debug|Any CPU.Build.0 = Debug|Any CPU
		{77E6719D-D9D9-4909-B1E8-E446F91B8DAB}.Debug|x64.ActiveCfg = Debug|x64
		{77E6719D-D9D9-4909-B1E8-E446F91B8DAB}.Debug|x64.Build.0 = Debug|x64
		{77E6719D-D9D9-4909-B1E8-E446F91B8DAB}.Debug|x86.ActiveCfg = Debug|Any CPU
		{77E6719D-D9D9-4909-B1E8-E446F91B8DAB}.Debug|x86.Build.0 = Debug|Any CPU
		{77E6719D-D9D9-4909-B1E8-E446F91B8DAB}.Release|Any CPU.ActiveCfg = Release|Any CPU
		{77E6719D-D9D9-4909-B1E8-E446F91B8DAB}.Release|Any CPU.Build.0 = Release|Any CPU
		{77E6719D-D9D9-4909-B1E8-E446F91B8DAB}.Release|x64.ActiveCfg = Release|x64
		{77E6719D-D9D9-4909-B1E8-E446F91B8DAB}.Release|x64.Build.0 = Release|x64
		{77E6719D-D9D9-4909-B1E8-E446F91B8DAB}.Release|x86.ActiveCfg = Release|Any CPU
		{77E6719D-D9D9-4909-B1E8-E446F91B8DAB}.Release|x86.Build.0 = Release|Any CPU
		{77223986-BB31-4C15-969D-31A37B929DB4}.Debug|Any CPU.ActiveCfg = Debug|x86
		{77223986-BB31-4C15-969D-31A37B929DB4}.Debug|x64.ActiveCfg = Debug|x64
		{77223986-BB31-4C15-969D-31A37B929DB4}.Debug|x86.ActiveCfg = Debug|x86
		{77223986-BB31-4C15-969D-31A37B929DB4}.Debug|x86.Build.0 = Debug|x86
		{77223986-BB31-4C15-969D-31A37B929DB4}.Release|Any CPU.ActiveCfg = Release|x86
		{77223986-BB31-4C15-969D-31A37B929DB4}.Release|x64.ActiveCfg = Release|x64
		{77223986-BB31-4C15-969D-31A37B929DB4}.Release|x86.ActiveCfg = Release|x86
		{77223986-BB31-4C15-969D-31A37B929DB4}.Release|x86.Build.0 = Release|x86
		{AD448960-9112-4ADE-B58D-3EC27C9E8C56}.Debug|Any CPU.ActiveCfg = Debug|Any CPU
		{AD448960-9112-4ADE-B58D-3EC27C9E8C56}.Debug|Any CPU.Build.0 = Debug|Any CPU
		{AD448960-9112-4ADE-B58D-3EC27C9E8C56}.Debug|x64.ActiveCfg = Debug|x64
		{AD448960-9112-4ADE-B58D-3EC27C9E8C56}.Debug|x64.Build.0 = Debug|x64
		{AD448960-9112-4ADE-B58D-3EC27C9E8C56}.Debug|x86.ActiveCfg = Debug|Any CPU
		{AD448960-9112-4ADE-B58D-3EC27C9E8C56}.Debug|x86.Build.0 = Debug|Any CPU
		{AD448960-9112-4ADE-B58D-3EC27C9E8C56}.Release|Any CPU.ActiveCfg = Release|Any CPU
		{AD448960-9112-4ADE-B58D-3EC27C9E8C56}.Release|Any CPU.Build.0 = Release|Any CPU
		{AD448960-9112-4ADE-B58D-3EC27C9E8C56}.Release|x64.ActiveCfg = Release|x64
		{AD448960-9112-4ADE-B58D-3EC27C9E8C56}.Release|x64.Build.0 = Release|x64
		{AD448960-9112-4ADE-B58D-3EC27C9E8C56}.Release|x86.ActiveCfg = Release|Any CPU
		{AD448960-9112-4ADE-B58D-3EC27C9E8C56}.Release|x86.Build.0 = Release|Any CPU
		{CB9B0C80-3167-484A-82F6-6F67BDF0F67B}.Debug|Any CPU.ActiveCfg = Debug|Any CPU
		{CB9B0C80-3167-484A-82F6-6F67BDF0F67B}.Debug|Any CPU.Build.0 = Debug|Any CPU
		{CB9B0C80-3167-484A-82F6-6F67BDF0F67B}.Debug|x64.ActiveCfg = Debug|x64
		{CB9B0C80-3167-484A-82F6-6F67BDF0F67B}.Debug|x64.Build.0 = Debug|x64
		{CB9B0C80-3167-484A-82F6-6F67BDF0F67B}.Debug|x86.ActiveCfg = Debug|Any CPU
		{CB9B0C80-3167-484A-82F6-6F67BDF0F67B}.Debug|x86.Build.0 = Debug|Any CPU
		{CB9B0C80-3167-484A-82F6-6F67BDF0F67B}.Release|Any CPU.ActiveCfg = Release|Any CPU
		{CB9B0C80-3167-484A-82F6-6F67BDF0F67B}.Release|Any CPU.Build.0 = Release|Any CPU
		{CB9B0C80-3167-484A-82F6-6F67BDF0F67B}.Release|x64.ActiveCfg = Release|x64
		{CB9B0C80-3167-484A-82F6-6F67BDF0F67B}.Release|x64.Build.0 = Release|x64
		{CB9B0C80-3167-484A-82F6-6F67BDF0F67B}.Release|x86.ActiveCfg = Release|Any CPU
		{CB9B0C80-3167-484A-82F6-6F67BDF0F67B}.Release|x86.Build.0 = Release|Any CPU
		{3315CA2F-F3BB-4E1F-BAC8-36548B288788}.Debug|Any CPU.ActiveCfg = Debug|Any CPU
		{3315CA2F-F3BB-4E1F-BAC8-36548B288788}.Debug|Any CPU.Build.0 = Debug|Any CPU
		{3315CA2F-F3BB-4E1F-BAC8-36548B288788}.Debug|x64.ActiveCfg = Debug|x64
		{3315CA2F-F3BB-4E1F-BAC8-36548B288788}.Debug|x64.Build.0 = Debug|x64
		{3315CA2F-F3BB-4E1F-BAC8-36548B288788}.Debug|x86.ActiveCfg = Debug|Any CPU
		{3315CA2F-F3BB-4E1F-BAC8-36548B288788}.Debug|x86.Build.0 = Debug|Any CPU
		{3315CA2F-F3BB-4E1F-BAC8-36548B288788}.Release|Any CPU.ActiveCfg = Release|Any CPU
		{3315CA2F-F3BB-4E1F-BAC8-36548B288788}.Release|Any CPU.Build.0 = Release|Any CPU
		{3315CA2F-F3BB-4E1F-BAC8-36548B288788}.Release|x64.ActiveCfg = Release|x64
		{3315CA2F-F3BB-4E1F-BAC8-36548B288788}.Release|x64.Build.0 = Release|x64
		{3315CA2F-F3BB-4E1F-BAC8-36548B288788}.Release|x86.ActiveCfg = Release|Any CPU
		{3315CA2F-F3BB-4E1F-BAC8-36548B288788}.Release|x86.Build.0 = Release|Any CPU
		{78BC3BDD-3290-40CE-B229-F1BC77526AE7}.Debug|Any CPU.ActiveCfg = Debug|Any CPU
		{78BC3BDD-3290-40CE-B229-F1BC77526AE7}.Debug|Any CPU.Build.0 = Debug|Any CPU
		{78BC3BDD-3290-40CE-B229-F1BC77526AE7}.Debug|x64.ActiveCfg = Debug|x64
		{78BC3BDD-3290-40CE-B229-F1BC77526AE7}.Debug|x64.Build.0 = Debug|x64
		{78BC3BDD-3290-40CE-B229-F1BC77526AE7}.Debug|x86.ActiveCfg = Debug|Any CPU
		{78BC3BDD-3290-40CE-B229-F1BC77526AE7}.Debug|x86.Build.0 = Debug|Any CPU
		{78BC3BDD-3290-40CE-B229-F1BC77526AE7}.Release|Any CPU.ActiveCfg = Release|Any CPU
		{78BC3BDD-3290-40CE-B229-F1BC77526AE7}.Release|Any CPU.Build.0 = Release|Any CPU
		{78BC3BDD-3290-40CE-B229-F1BC77526AE7}.Release|x64.ActiveCfg = Release|x64
		{78BC3BDD-3290-40CE-B229-F1BC77526AE7}.Release|x64.Build.0 = Release|x64
		{78BC3BDD-3290-40CE-B229-F1BC77526AE7}.Release|x86.ActiveCfg = Release|Any CPU
		{78BC3BDD-3290-40CE-B229-F1BC77526AE7}.Release|x86.Build.0 = Release|Any CPU
		{CA884FD0-5D26-4EF4-BFFD-D871E6747CA4}.Debug|Any CPU.ActiveCfg = Debug|Any CPU
		{CA884FD0-5D26-4EF4-BFFD-D871E6747CA4}.Debug|Any CPU.Build.0 = Debug|Any CPU
		{CA884FD0-5D26-4EF4-BFFD-D871E6747CA4}.Debug|x64.ActiveCfg = Debug|x64
		{CA884FD0-5D26-4EF4-BFFD-D871E6747CA4}.Debug|x64.Build.0 = Debug|x64
		{CA884FD0-5D26-4EF4-BFFD-D871E6747CA4}.Debug|x86.ActiveCfg = Debug|Any CPU
		{CA884FD0-5D26-4EF4-BFFD-D871E6747CA4}.Debug|x86.Build.0 = Debug|Any CPU
		{CA884FD0-5D26-4EF4-BFFD-D871E6747CA4}.Release|Any CPU.ActiveCfg = Release|Any CPU
		{CA884FD0-5D26-4EF4-BFFD-D871E6747CA4}.Release|Any CPU.Build.0 = Release|Any CPU
		{CA884FD0-5D26-4EF4-BFFD-D871E6747CA4}.Release|x64.ActiveCfg = Release|x64
		{CA884FD0-5D26-4EF4-BFFD-D871E6747CA4}.Release|x64.Build.0 = Release|x64
		{CA884FD0-5D26-4EF4-BFFD-D871E6747CA4}.Release|x86.ActiveCfg = Release|Any CPU
		{CA884FD0-5D26-4EF4-BFFD-D871E6747CA4}.Release|x86.Build.0 = Release|Any CPU
		{3861823B-1B73-4F22-B7B5-9EA830C2D687}.Debug|Any CPU.ActiveCfg = Debug|Any CPU
		{3861823B-1B73-4F22-B7B5-9EA830C2D687}.Debug|Any CPU.Build.0 = Debug|Any CPU
		{3861823B-1B73-4F22-B7B5-9EA830C2D687}.Debug|x64.ActiveCfg = Debug|x64
		{3861823B-1B73-4F22-B7B5-9EA830C2D687}.Debug|x64.Build.0 = Debug|x64
		{3861823B-1B73-4F22-B7B5-9EA830C2D687}.Debug|x86.ActiveCfg = Debug|Any CPU
		{3861823B-1B73-4F22-B7B5-9EA830C2D687}.Debug|x86.Build.0 = Debug|Any CPU
		{3861823B-1B73-4F22-B7B5-9EA830C2D687}.Release|Any CPU.ActiveCfg = Release|Any CPU
		{3861823B-1B73-4F22-B7B5-9EA830C2D687}.Release|Any CPU.Build.0 = Release|Any CPU
		{3861823B-1B73-4F22-B7B5-9EA830C2D687}.Release|x64.ActiveCfg = Release|x64
		{3861823B-1B73-4F22-B7B5-9EA830C2D687}.Release|x64.Build.0 = Release|x64
		{3861823B-1B73-4F22-B7B5-9EA830C2D687}.Release|x86.ActiveCfg = Release|Any CPU
		{3861823B-1B73-4F22-B7B5-9EA830C2D687}.Release|x86.Build.0 = Release|Any CPU
		{E843B11F-D14B-4D79-ADEB-6D0133D0E03A}.Debug|Any CPU.ActiveCfg = Debug|Any CPU
		{E843B11F-D14B-4D79-ADEB-6D0133D0E03A}.Debug|Any CPU.Build.0 = Debug|Any CPU
		{E843B11F-D14B-4D79-ADEB-6D0133D0E03A}.Debug|x64.ActiveCfg = Debug|x64
		{E843B11F-D14B-4D79-ADEB-6D0133D0E03A}.Debug|x64.Build.0 = Debug|x64
		{E843B11F-D14B-4D79-ADEB-6D0133D0E03A}.Debug|x86.ActiveCfg = Debug|Any CPU
		{E843B11F-D14B-4D79-ADEB-6D0133D0E03A}.Debug|x86.Build.0 = Debug|Any CPU
		{E843B11F-D14B-4D79-ADEB-6D0133D0E03A}.Release|Any CPU.ActiveCfg = Release|Any CPU
		{E843B11F-D14B-4D79-ADEB-6D0133D0E03A}.Release|Any CPU.Build.0 = Release|Any CPU
		{E843B11F-D14B-4D79-ADEB-6D0133D0E03A}.Release|x64.ActiveCfg = Release|x64
		{E843B11F-D14B-4D79-ADEB-6D0133D0E03A}.Release|x64.Build.0 = Release|x64
		{E843B11F-D14B-4D79-ADEB-6D0133D0E03A}.Release|x86.ActiveCfg = Release|Any CPU
		{E843B11F-D14B-4D79-ADEB-6D0133D0E03A}.Release|x86.Build.0 = Release|Any CPU
		{9395A270-BCA1-4AB0-A8F1-052E5505F227}.Debug|Any CPU.ActiveCfg = Debug|Any CPU
		{9395A270-BCA1-4AB0-A8F1-052E5505F227}.Debug|Any CPU.Build.0 = Debug|Any CPU
		{9395A270-BCA1-4AB0-A8F1-052E5505F227}.Debug|x64.ActiveCfg = Debug|x64
		{9395A270-BCA1-4AB0-A8F1-052E5505F227}.Debug|x64.Build.0 = Debug|x64
		{9395A270-BCA1-4AB0-A8F1-052E5505F227}.Debug|x86.ActiveCfg = Debug|Any CPU
		{9395A270-BCA1-4AB0-A8F1-052E5505F227}.Debug|x86.Build.0 = Debug|Any CPU
		{9395A270-BCA1-4AB0-A8F1-052E5505F227}.Release|Any CPU.ActiveCfg = Release|Any CPU
		{9395A270-BCA1-4AB0-A8F1-052E5505F227}.Release|Any CPU.Build.0 = Release|Any CPU
		{9395A270-BCA1-4AB0-A8F1-052E5505F227}.Release|x64.ActiveCfg = Release|x64
		{9395A270-BCA1-4AB0-A8F1-052E5505F227}.Release|x64.Build.0 = Release|x64
		{9395A270-BCA1-4AB0-A8F1-052E5505F227}.Release|x86.ActiveCfg = Release|Any CPU
		{9395A270-BCA1-4AB0-A8F1-052E5505F227}.Release|x86.Build.0 = Release|Any CPU
		{248844D3-D177-46D0-9F7A-F7EAA7914ABB}.Debug|Any CPU.ActiveCfg = Debug|Any CPU
		{248844D3-D177-46D0-9F7A-F7EAA7914ABB}.Debug|Any CPU.Build.0 = Debug|Any CPU
		{248844D3-D177-46D0-9F7A-F7EAA7914ABB}.Debug|x64.ActiveCfg = Debug|x64
		{248844D3-D177-46D0-9F7A-F7EAA7914ABB}.Debug|x64.Build.0 = Debug|x64
		{248844D3-D177-46D0-9F7A-F7EAA7914ABB}.Debug|x86.ActiveCfg = Debug|Any CPU
		{248844D3-D177-46D0-9F7A-F7EAA7914ABB}.Debug|x86.Build.0 = Debug|Any CPU
		{248844D3-D177-46D0-9F7A-F7EAA7914ABB}.Release|Any CPU.ActiveCfg = Release|Any CPU
		{248844D3-D177-46D0-9F7A-F7EAA7914ABB}.Release|Any CPU.Build.0 = Release|Any CPU
		{248844D3-D177-46D0-9F7A-F7EAA7914ABB}.Release|x64.ActiveCfg = Release|x64
		{248844D3-D177-46D0-9F7A-F7EAA7914ABB}.Release|x64.Build.0 = Release|x64
		{248844D3-D177-46D0-9F7A-F7EAA7914ABB}.Release|x86.ActiveCfg = Release|Any CPU
		{248844D3-D177-46D0-9F7A-F7EAA7914ABB}.Release|x86.Build.0 = Release|Any CPU
		{4898AB97-DA80-4C7B-BDF5-4340B7023D45}.Debug|Any CPU.ActiveCfg = Debug|Any CPU
		{4898AB97-DA80-4C7B-BDF5-4340B7023D45}.Debug|Any CPU.Build.0 = Debug|Any CPU
		{4898AB97-DA80-4C7B-BDF5-4340B7023D45}.Debug|x64.ActiveCfg = Debug|x64
		{4898AB97-DA80-4C7B-BDF5-4340B7023D45}.Debug|x64.Build.0 = Debug|x64
		{4898AB97-DA80-4C7B-BDF5-4340B7023D45}.Debug|x86.ActiveCfg = Debug|Any CPU
		{4898AB97-DA80-4C7B-BDF5-4340B7023D45}.Debug|x86.Build.0 = Debug|Any CPU
		{4898AB97-DA80-4C7B-BDF5-4340B7023D45}.Release|Any CPU.ActiveCfg = Release|Any CPU
		{4898AB97-DA80-4C7B-BDF5-4340B7023D45}.Release|Any CPU.Build.0 = Release|Any CPU
		{4898AB97-DA80-4C7B-BDF5-4340B7023D45}.Release|x64.ActiveCfg = Release|x64
		{4898AB97-DA80-4C7B-BDF5-4340B7023D45}.Release|x64.Build.0 = Release|x64
		{4898AB97-DA80-4C7B-BDF5-4340B7023D45}.Release|x86.ActiveCfg = Release|Any CPU
		{4898AB97-DA80-4C7B-BDF5-4340B7023D45}.Release|x86.Build.0 = Release|Any CPU
		{107E9679-A10F-4952-9F4C-19BC0671F35F}.Debug|Any CPU.ActiveCfg = Debug|Any CPU
		{107E9679-A10F-4952-9F4C-19BC0671F35F}.Debug|Any CPU.Build.0 = Debug|Any CPU
		{107E9679-A10F-4952-9F4C-19BC0671F35F}.Debug|x64.ActiveCfg = Debug|x64
		{107E9679-A10F-4952-9F4C-19BC0671F35F}.Debug|x64.Build.0 = Debug|x64
		{107E9679-A10F-4952-9F4C-19BC0671F35F}.Debug|x86.ActiveCfg = Debug|Any CPU
		{107E9679-A10F-4952-9F4C-19BC0671F35F}.Debug|x86.Build.0 = Debug|Any CPU
		{107E9679-A10F-4952-9F4C-19BC0671F35F}.Release|Any CPU.ActiveCfg = Release|Any CPU
		{107E9679-A10F-4952-9F4C-19BC0671F35F}.Release|Any CPU.Build.0 = Release|Any CPU
		{107E9679-A10F-4952-9F4C-19BC0671F35F}.Release|x64.ActiveCfg = Release|x64
		{107E9679-A10F-4952-9F4C-19BC0671F35F}.Release|x64.Build.0 = Release|x64
		{107E9679-A10F-4952-9F4C-19BC0671F35F}.Release|x86.ActiveCfg = Release|Any CPU
		{107E9679-A10F-4952-9F4C-19BC0671F35F}.Release|x86.Build.0 = Release|Any CPU
		{30BBD83B-03D2-445C-B65D-6E5B08D2C354}.Debug|Any CPU.ActiveCfg = Debug|Any CPU
		{30BBD83B-03D2-445C-B65D-6E5B08D2C354}.Debug|Any CPU.Build.0 = Debug|Any CPU
		{30BBD83B-03D2-445C-B65D-6E5B08D2C354}.Debug|x64.ActiveCfg = Debug|x64
		{30BBD83B-03D2-445C-B65D-6E5B08D2C354}.Debug|x64.Build.0 = Debug|x64
		{30BBD83B-03D2-445C-B65D-6E5B08D2C354}.Debug|x86.ActiveCfg = Debug|Any CPU
		{30BBD83B-03D2-445C-B65D-6E5B08D2C354}.Debug|x86.Build.0 = Debug|Any CPU
		{30BBD83B-03D2-445C-B65D-6E5B08D2C354}.Release|Any CPU.ActiveCfg = Release|Any CPU
		{30BBD83B-03D2-445C-B65D-6E5B08D2C354}.Release|Any CPU.Build.0 = Release|Any CPU
		{30BBD83B-03D2-445C-B65D-6E5B08D2C354}.Release|x64.ActiveCfg = Release|x64
		{30BBD83B-03D2-445C-B65D-6E5B08D2C354}.Release|x64.Build.0 = Release|x64
		{30BBD83B-03D2-445C-B65D-6E5B08D2C354}.Release|x86.ActiveCfg = Release|Any CPU
		{30BBD83B-03D2-445C-B65D-6E5B08D2C354}.Release|x86.Build.0 = Release|Any CPU
		{2A34F483-2BDB-406F-B299-FDA155FFC7D5}.Debug|Any CPU.ActiveCfg = Debug|Any CPU
		{2A34F483-2BDB-406F-B299-FDA155FFC7D5}.Debug|Any CPU.Build.0 = Debug|Any CPU
		{2A34F483-2BDB-406F-B299-FDA155FFC7D5}.Debug|x64.ActiveCfg = Debug|x64
		{2A34F483-2BDB-406F-B299-FDA155FFC7D5}.Debug|x64.Build.0 = Debug|x64
		{2A34F483-2BDB-406F-B299-FDA155FFC7D5}.Debug|x86.ActiveCfg = Debug|Any CPU
		{2A34F483-2BDB-406F-B299-FDA155FFC7D5}.Debug|x86.Build.0 = Debug|Any CPU
		{2A34F483-2BDB-406F-B299-FDA155FFC7D5}.Release|Any CPU.ActiveCfg = Release|Any CPU
		{2A34F483-2BDB-406F-B299-FDA155FFC7D5}.Release|Any CPU.Build.0 = Release|Any CPU
		{2A34F483-2BDB-406F-B299-FDA155FFC7D5}.Release|x64.ActiveCfg = Release|x64
		{2A34F483-2BDB-406F-B299-FDA155FFC7D5}.Release|x64.Build.0 = Release|x64
		{2A34F483-2BDB-406F-B299-FDA155FFC7D5}.Release|x86.ActiveCfg = Release|Any CPU
		{2A34F483-2BDB-406F-B299-FDA155FFC7D5}.Release|x86.Build.0 = Release|Any CPU
		{E1887D9B-3590-4E20-94A0-B263AA124AC0}.Debug|Any CPU.ActiveCfg = Debug|Any CPU
		{E1887D9B-3590-4E20-94A0-B263AA124AC0}.Debug|Any CPU.Build.0 = Debug|Any CPU
		{E1887D9B-3590-4E20-94A0-B263AA124AC0}.Debug|x64.ActiveCfg = Debug|x64
		{E1887D9B-3590-4E20-94A0-B263AA124AC0}.Debug|x64.Build.0 = Debug|x64
		{E1887D9B-3590-4E20-94A0-B263AA124AC0}.Debug|x86.ActiveCfg = Debug|Any CPU
		{E1887D9B-3590-4E20-94A0-B263AA124AC0}.Debug|x86.Build.0 = Debug|Any CPU
		{E1887D9B-3590-4E20-94A0-B263AA124AC0}.Release|Any CPU.ActiveCfg = Release|Any CPU
		{E1887D9B-3590-4E20-94A0-B263AA124AC0}.Release|Any CPU.Build.0 = Release|Any CPU
		{E1887D9B-3590-4E20-94A0-B263AA124AC0}.Release|x64.ActiveCfg = Release|x64
		{E1887D9B-3590-4E20-94A0-B263AA124AC0}.Release|x64.Build.0 = Release|x64
		{E1887D9B-3590-4E20-94A0-B263AA124AC0}.Release|x86.ActiveCfg = Release|Any CPU
		{E1887D9B-3590-4E20-94A0-B263AA124AC0}.Release|x86.Build.0 = Release|Any CPU
		{D09C1B32-871A-4AA3-A5F1-808DBB39996F}.Debug|Any CPU.ActiveCfg = Debug|Any CPU
		{D09C1B32-871A-4AA3-A5F1-808DBB39996F}.Debug|Any CPU.Build.0 = Debug|Any CPU
		{D09C1B32-871A-4AA3-A5F1-808DBB39996F}.Debug|x64.ActiveCfg = Debug|x64
		{D09C1B32-871A-4AA3-A5F1-808DBB39996F}.Debug|x64.Build.0 = Debug|x64
		{D09C1B32-871A-4AA3-A5F1-808DBB39996F}.Debug|x86.ActiveCfg = Debug|Any CPU
		{D09C1B32-871A-4AA3-A5F1-808DBB39996F}.Debug|x86.Build.0 = Debug|Any CPU
		{D09C1B32-871A-4AA3-A5F1-808DBB39996F}.Release|Any CPU.ActiveCfg = Release|Any CPU
		{D09C1B32-871A-4AA3-A5F1-808DBB39996F}.Release|Any CPU.Build.0 = Release|Any CPU
		{D09C1B32-871A-4AA3-A5F1-808DBB39996F}.Release|x64.ActiveCfg = Release|x64
		{D09C1B32-871A-4AA3-A5F1-808DBB39996F}.Release|x64.Build.0 = Release|x64
		{D09C1B32-871A-4AA3-A5F1-808DBB39996F}.Release|x86.ActiveCfg = Release|Any CPU
		{D09C1B32-871A-4AA3-A5F1-808DBB39996F}.Release|x86.Build.0 = Release|Any CPU
		{8B287E85-0DFB-4158-BC88-21CB84A843FB}.Debug|Any CPU.ActiveCfg = Debug|Any CPU
		{8B287E85-0DFB-4158-BC88-21CB84A843FB}.Debug|Any CPU.Build.0 = Debug|Any CPU
		{8B287E85-0DFB-4158-BC88-21CB84A843FB}.Debug|x64.ActiveCfg = Debug|x64
		{8B287E85-0DFB-4158-BC88-21CB84A843FB}.Debug|x64.Build.0 = Debug|x64
		{8B287E85-0DFB-4158-BC88-21CB84A843FB}.Debug|x86.ActiveCfg = Debug|Any CPU
		{8B287E85-0DFB-4158-BC88-21CB84A843FB}.Debug|x86.Build.0 = Debug|Any CPU
		{8B287E85-0DFB-4158-BC88-21CB84A843FB}.Release|Any CPU.ActiveCfg = Release|Any CPU
		{8B287E85-0DFB-4158-BC88-21CB84A843FB}.Release|Any CPU.Build.0 = Release|Any CPU
		{8B287E85-0DFB-4158-BC88-21CB84A843FB}.Release|x64.ActiveCfg = Release|x64
		{8B287E85-0DFB-4158-BC88-21CB84A843FB}.Release|x64.Build.0 = Release|x64
		{8B287E85-0DFB-4158-BC88-21CB84A843FB}.Release|x86.ActiveCfg = Release|Any CPU
		{8B287E85-0DFB-4158-BC88-21CB84A843FB}.Release|x86.Build.0 = Release|Any CPU
		{96EF9C26-A674-4F33-A3F3-7942442A670A}.Debug|Any CPU.ActiveCfg = Debug|Any CPU
		{96EF9C26-A674-4F33-A3F3-7942442A670A}.Debug|Any CPU.Build.0 = Debug|Any CPU
		{96EF9C26-A674-4F33-A3F3-7942442A670A}.Debug|x64.ActiveCfg = Debug|Any CPU
		{96EF9C26-A674-4F33-A3F3-7942442A670A}.Debug|x64.Build.0 = Debug|Any CPU
		{96EF9C26-A674-4F33-A3F3-7942442A670A}.Debug|x86.ActiveCfg = Debug|Any CPU
		{96EF9C26-A674-4F33-A3F3-7942442A670A}.Debug|x86.Build.0 = Debug|Any CPU
		{96EF9C26-A674-4F33-A3F3-7942442A670A}.Release|Any CPU.ActiveCfg = Release|Any CPU
		{96EF9C26-A674-4F33-A3F3-7942442A670A}.Release|Any CPU.Build.0 = Release|Any CPU
		{96EF9C26-A674-4F33-A3F3-7942442A670A}.Release|x64.ActiveCfg = Release|Any CPU
		{96EF9C26-A674-4F33-A3F3-7942442A670A}.Release|x64.Build.0 = Release|Any CPU
		{96EF9C26-A674-4F33-A3F3-7942442A670A}.Release|x86.ActiveCfg = Release|Any CPU
		{96EF9C26-A674-4F33-A3F3-7942442A670A}.Release|x86.Build.0 = Release|Any CPU
	EndGlobalSection
	GlobalSection(SolutionProperties) = preSolution
		HideSolutionNode = FALSE
	EndGlobalSection
	GlobalSection(NestedProjects) = preSolution
		{355EEDA6-3E9B-4D5B-A041-6D66B8E615F6} = {141D3052-5023-4927-B031-DEBFF45FA972}
		{F124F3BD-22AE-489B-86EE-AD978D18CECB} = {355EEDA6-3E9B-4D5B-A041-6D66B8E615F6}
		{802D76B6-97DD-49D8-AE57-C24094754246} = {3E42B64F-9ED1-4E03-8FED-A15A7C8AF998}
		{CCB0E606-EF54-4C03-8438-F1D332659DB9} = {3E42B64F-9ED1-4E03-8FED-A15A7C8AF998}
		{CF7E191E-4892-45BC-8F15-7465FF5F331C} = {BFB529C1-5E7F-48E6-96C2-AB10D2200E7A}
		{3A7D072F-71E5-4529-A995-5ED78035BB64} = {BFB529C1-5E7F-48E6-96C2-AB10D2200E7A}
		{578E200D-39A1-467B-8CEA-F3632F6A010B} = {175CE764-9121-4D70-BAF3-F8A9B2FA2A82}
		{C3BCD29B-D5A4-412C-8DE0-413442955179} = {883C66BA-8601-49D7-B6CC-E1D6B3428406}
		{77E6719D-D9D9-4909-B1E8-E446F91B8DAB} = {175CE764-9121-4D70-BAF3-F8A9B2FA2A82}
		{77223986-BB31-4C15-969D-31A37B929DB4} = {80080777-0174-48BA-BFA7-830E0264C693}
		{AD448960-9112-4ADE-B58D-3EC27C9E8C56} = {DA7EF80F-9B3C-48D6-B8B3-C485362BB180}
		{DA7EF80F-9B3C-48D6-B8B3-C485362BB180} = {BFB529C1-5E7F-48E6-96C2-AB10D2200E7A}
		{1FD3738A-4B75-43B6-B066-2E1D169851A1} = {BFB529C1-5E7F-48E6-96C2-AB10D2200E7A}
		{CB9B0C80-3167-484A-82F6-6F67BDF0F67B} = {1FD3738A-4B75-43B6-B066-2E1D169851A1}
		{3315CA2F-F3BB-4E1F-BAC8-36548B288788} = {1FD3738A-4B75-43B6-B066-2E1D169851A1}
		{78BC3BDD-3290-40CE-B229-F1BC77526AE7} = {1FD3738A-4B75-43B6-B066-2E1D169851A1}
		{CA884FD0-5D26-4EF4-BFFD-D871E6747CA4} = {1FD3738A-4B75-43B6-B066-2E1D169851A1}
		{3861823B-1B73-4F22-B7B5-9EA830C2D687} = {02F57180-5BA0-4A21-B514-CDFCF433209F}
		{E843B11F-D14B-4D79-ADEB-6D0133D0E03A} = {02F57180-5BA0-4A21-B514-CDFCF433209F}
		{9395A270-BCA1-4AB0-A8F1-052E5505F227} = {CEFCB382-AFA2-4C79-93AB-D707845E5E1F}
		{248844D3-D177-46D0-9F7A-F7EAA7914ABB} = {02F57180-5BA0-4A21-B514-CDFCF433209F}
		{4898AB97-DA80-4C7B-BDF5-4340B7023D45} = {02F57180-5BA0-4A21-B514-CDFCF433209F}
		{107E9679-A10F-4952-9F4C-19BC0671F35F} = {02F57180-5BA0-4A21-B514-CDFCF433209F}
		{30BBD83B-03D2-445C-B65D-6E5B08D2C354} = {02F57180-5BA0-4A21-B514-CDFCF433209F}
		{2A34F483-2BDB-406F-B299-FDA155FFC7D5} = {02F57180-5BA0-4A21-B514-CDFCF433209F}
		{E1887D9B-3590-4E20-94A0-B263AA124AC0} = {02F57180-5BA0-4A21-B514-CDFCF433209F}
		{D09C1B32-871A-4AA3-A5F1-808DBB39996F} = {02F57180-5BA0-4A21-B514-CDFCF433209F}
		{8B287E85-0DFB-4158-BC88-21CB84A843FB} = {02F57180-5BA0-4A21-B514-CDFCF433209F}
		{96EF9C26-A674-4F33-A3F3-7942442A670A} = {02F57180-5BA0-4A21-B514-CDFCF433209F}
	EndGlobalSection
	GlobalSection(ExtensibilityGlobals) = postSolution
		SolutionGuid = {3AD925E7-74B9-4ED0-8CEA-2E354AEAED41}
	EndGlobalSection
EndGlobal
